
Microsoft Visual Studio Solution File, Format Version 12.00
# Visual Studio 15
VisualStudioVersion = 15.0.27130.2020
MinimumVisualStudioVersion = 10.0.40219.1
Project("{FAE04EC0-301F-11D3-BF4B-00C04F79EFBC}") = "Projet-Partie-UserManager", "Projet-Partie-UserManager\Projet-Partie-UserManager.csproj", "{77820067-8430-4EB0-B8AE-AAF50B079103}"
EndProject
Project("{FAE04EC0-301F-11D3-BF4B-00C04F79EFBC}") = "Projet-Partie-UserManager.Tests", "Projet-Partie-UserManager.Tests\Projet-Partie-UserManager.Tests.csproj", "{135339B0-6E8A-493B-BC12-9A96434A8DA2}"
EndProject
Global
	GlobalSection(SolutionConfigurationPlatforms) = preSolution
		Debug|Any CPU = Debug|Any CPU
		Release|Any CPU = Release|Any CPU
	EndGlobalSection
	GlobalSection(ProjectConfigurationPlatforms) = postSolution
		{77820067-8430-4EB0-B8AE-AAF50B079103}.Debug|Any CPU.ActiveCfg = Debug|Any CPU
		{77820067-8430-4EB0-B8AE-AAF50B079103}.Debug|Any CPU.Build.0 = Debug|Any CPU
		{77820067-8430-4EB0-B8AE-AAF50B079103}.Release|Any CPU.ActiveCfg = Release|Any CPU
		{77820067-8430-4EB0-B8AE-AAF50B079103}.Release|Any CPU.Build.0 = Release|Any CPU
		{135339B0-6E8A-493B-BC12-9A96434A8DA2}.Debug|Any CPU.ActiveCfg = Debug|Any CPU
		{135339B0-6E8A-493B-BC12-9A96434A8DA2}.Debug|Any CPU.Build.0 = Debug|Any CPU
		{135339B0-6E8A-493B-BC12-9A96434A8DA2}.Release|Any CPU.ActiveCfg = Release|Any CPU
		{135339B0-6E8A-493B-BC12-9A96434A8DA2}.Release|Any CPU.Build.0 = Release|Any CPU
	EndGlobalSection
	GlobalSection(SolutionProperties) = preSolution
		HideSolutionNode = FALSE
	EndGlobalSection
	GlobalSection(ExtensibilityGlobals) = postSolution
		SolutionGuid = {90D91630-4FCF-4783-B6DA-EE0B2A9549E2}
	EndGlobalSection
EndGlobal
